
Microsoft Visual Studio Solution File, Format Version 12.00
# Visual Studio 15
VisualStudioVersion = 15.0.28010.2050
MinimumVisualStudioVersion = 10.0.40219.1
Project("{FAE04EC0-301F-11D3-BF4B-00C04F79EFBC}") = "glidedrose", "glidedrose\glidedrose.csproj", "{1576F5EC-A8DC-4917-99D8-9874C3EC2C8F}"
EndProject
Project("{FAE04EC0-301F-11D3-BF4B-00C04F79EFBC}") = "glidedrose.Tests", "glidedrose.Tests\glidedrose.Tests.csproj", "{6D6D7222-8F11-4920-A650-829BC9314592}"
EndProject
Project("{FAE04EC0-301F-11D3-BF4B-00C04F79EFBC}") = "ClientTest", "ClientTest\ClientTest.csproj", "{C0EE69E1-1435-496C-A9C3-6FF20CC6BEBF}"
	ProjectSection(ProjectDependencies) = postProject
		{1576F5EC-A8DC-4917-99D8-9874C3EC2C8F} = {1576F5EC-A8DC-4917-99D8-9874C3EC2C8F}
	EndProjectSection
EndProject
Global
	GlobalSection(SolutionConfigurationPlatforms) = preSolution
		Debug|Any CPU = Debug|Any CPU
		Release|Any CPU = Release|Any CPU
	EndGlobalSection
	GlobalSection(ProjectConfigurationPlatforms) = postSolution
		{1576F5EC-A8DC-4917-99D8-9874C3EC2C8F}.Debug|Any CPU.ActiveCfg = Debug|Any CPU
		{1576F5EC-A8DC-4917-99D8-9874C3EC2C8F}.Debug|Any CPU.Build.0 = Debug|Any CPU
		{1576F5EC-A8DC-4917-99D8-9874C3EC2C8F}.Release|Any CPU.ActiveCfg = Release|Any CPU
		{1576F5EC-A8DC-4917-99D8-9874C3EC2C8F}.Release|Any CPU.Build.0 = Release|Any CPU
		{6D6D7222-8F11-4920-A650-829BC9314592}.Debug|Any CPU.ActiveCfg = Debug|Any CPU
		{6D6D7222-8F11-4920-A650-829BC9314592}.Debug|Any CPU.Build.0 = Debug|Any CPU
		{6D6D7222-8F11-4920-A650-829BC9314592}.Release|Any CPU.ActiveCfg = Release|Any CPU
		{6D6D7222-8F11-4920-A650-829BC9314592}.Release|Any CPU.Build.0 = Release|Any CPU
		{C0EE69E1-1435-496C-A9C3-6FF20CC6BEBF}.Debug|Any CPU.ActiveCfg = Debug|Any CPU
		{C0EE69E1-1435-496C-A9C3-6FF20CC6BEBF}.Debug|Any CPU.Build.0 = Debug|Any CPU
		{C0EE69E1-1435-496C-A9C3-6FF20CC6BEBF}.Release|Any CPU.ActiveCfg = Release|Any CPU
		{C0EE69E1-1435-496C-A9C3-6FF20CC6BEBF}.Release|Any CPU.Build.0 = Release|Any CPU
	EndGlobalSection
	GlobalSection(SolutionProperties) = preSolution
		HideSolutionNode = FALSE
	EndGlobalSection
	GlobalSection(ExtensibilityGlobals) = postSolution
		SolutionGuid = {95483F26-5E98-4E57-80E7-CACCA5D11D6B}
	EndGlobalSection
EndGlobal
